{
  "name": "iranian-enterprise-ai-bridge",
  "version": "0.1.0",
  "lockfileVersion": 3,
  "requires": true,
  "packages": {
    "": {
      "name": "iranian-enterprise-ai-bridge",
      "version": "0.1.0",
      "license": "MIT",
      "workspaces": [
        "packages/*",
        "apps/*",
        "connectors/*"
      ],
      "devDependencies": {
        "@types/node": "^22.20.4",
        "typescript": "^5.9.3"
      }
    },
    "apps/admin": {
      "name": "@ieab/admin",
      "version": "0.1.0",
      "dependencies": {
        "@ieab/canonical-model": "file:../../packages/canonical-model",
        "@ieab/semantic": "file:../../packages/semantic",
        "@ieab/shared": "file:../../packages/shared"
      },
      "devDependencies": {
        "@types/node": "^22.10.0",
        "typescript": "^5.7.2"
      }
    },
    "apps/api": {
      "name": "@ieab/api",
      "version": "0.1.0",
      "dependencies": {
        "@ieab/agent-runtime": "file:../../packages/agent-runtime",
        "@ieab/ai-gateway": "file:../../packages/ai-gateway",
        "@ieab/audit": "file:../../packages/audit",
        "@ieab/canonical-model": "file:../../packages/canonical-model",
        "@ieab/connector-chargoon": "file:../../connectors/chargoon",
        "@ieab/connector-csv-excel": "file:../../connectors/csv-excel",
        "@ieab/connector-generic-mssql": "file:../../connectors/generic-mssql",
        "@ieab/connector-odoo": "file:../../connectors/odoo",
        "@ieab/connector-payamgostar": "file:../../connectors/payamgostar",
        "@ieab/connector-rahkaran": "file:../../connectors/rahkaran",
        "@ieab/connector-sdk": "file:../../packages/connector-sdk",
        "@ieab/connector-sepidar": "file:../../connectors/sepidar",
        "@ieab/connector-shauto": "file:../../connectors/shauto",
        "@ieab/metrics": "file:../../packages/metrics",
        "@ieab/policy-engine": "file:../../packages/policy-engine",
        "@ieab/semantic": "file:../../packages/semantic",
        "@ieab/shared": "file:../../packages/shared"
      },
      "devDependencies": {
        "@types/node": "^22.10.0",
        "typescript": "^5.7.2"
      }
    },
    "apps/executive-web": {
      "name": "@ieab/executive-web",
      "version": "0.1.0"
    },
    "apps/worker": {
      "name": "@ieab/worker",
      "version": "0.1.0",
      "dependencies": {
        "@ieab/canonical-model": "file:../../packages/canonical-model",
        "@ieab/connector-generic-mssql": "file:../../connectors/generic-mssql",
        "@ieab/connector-sdk": "file:../../packages/connector-sdk",
        "@ieab/metrics": "file:../../packages/metrics",
        "@ieab/shared": "file:../../packages/shared"
      },
      "devDependencies": {
        "@types/node": "^22.10.0",
        "typescript": "^5.7.2"
      }
    },
    "connectors/chargoon": {
      "name": "@ieab/connector-chargoon",
      "version": "0.1.0",
      "dependencies": {
        "@ieab/canonical-model": "file:../../packages/canonical-model",
        "@ieab/connector-sdk": "file:../../packages/connector-sdk",
        "@ieab/shared": "file:../../packages/shared"
      },
      "devDependencies": {
        "@types/node": "^22.10.0",
        "typescript": "^5.7.2"
      }
    },
    "connectors/csv-excel": {
      "name": "@ieab/connector-csv-excel",
      "version": "0.1.0",
      "dependencies": {
        "@ieab/canonical-model": "file:../../packages/canonical-model",
        "@ieab/connector-sdk": "file:../../packages/connector-sdk",
        "@ieab/shared": "file:../../packages/shared"
      },
      "devDependencies": {
        "@types/node": "^22.10.0",
        "typescript": "^5.7.2"
      }
    },
    "connectors/generic-mssql": {
      "name": "@ieab/connector-generic-mssql",
      "version": "0.1.0",
      "dependencies": {
        "@ieab/canonical-model": "file:../../packages/canonical-model",
        "@ieab/connector-sdk": "file:../../packages/connector-sdk",
        "@ieab/shared": "file:../../packages/shared"
      },
      "devDependencies": {
        "@types/node": "^22.10.0",
        "typescript": "^5.7.2"
      }
    },
    "connectors/odoo": {
      "name": "@ieab/connector-odoo",
      "version": "0.1.0",
      "dependencies": {
        "@ieab/canonical-model": "file:../../packages/canonical-model",
        "@ieab/connector-sdk": "file:../../packages/connector-sdk",
        "@ieab/shared": "file:../../packages/shared"
      },
      "devDependencies": {
        "@types/node": "^22.10.0",
        "typescript": "^5.7.2"
      }
    },
    "connectors/payamgostar": {
      "name": "@ieab/connector-payamgostar",
      "version": "0.1.0",
      "dependencies": {
        "@ieab/canonical-model": "file:../../packages/canonical-model",
        "@ieab/connector-sdk": "file:../../packages/connector-sdk",
        "@ieab/shared": "file:../../packages/shared"
      },
      "devDependencies": {
        "@types/node": "^22.10.0",
        "typescript": "^5.7.2"
      }
    },
    "connectors/rahkaran": {
      "name": "@ieab/connector-rahkaran",
      "version": "0.1.0",
      "dependencies": {
        "@ieab/canonical-model": "file:../../packages/canonical-model",
        "@ieab/connector-sdk": "file:../../packages/connector-sdk",
        "@ieab/shared": "file:../../packages/shared"
      },
      "devDependencies": {
        "@types/node": "^22.10.0",
        "typescript": "^5.7.2"
      }
    },
    "connectors/sepidar": {
      "name": "@ieab/connector-sepidar",
      "version": "0.1.0",
      "dependencies": {
        "@ieab/canonical-model": "file:../../packages/canonical-model",
        "@ieab/connector-sdk": "file:../../packages/connector-sdk",
        "@ieab/shared": "file:../../packages/shared"
      },
      "devDependencies": {
        "@types/node": "^22.10.0",
        "typescript": "^5.7.2"
      }
    },
    "connectors/shauto": {
      "name": "@ieab/connector-shauto",
      "version": "0.1.0",
      "dependencies": {
        "@ieab/canonical-model": "file:../../packages/canonical-model",
        "@ieab/connector-sdk": "file:../../packages/connector-sdk",
        "@ieab/shared": "file:../../packages/shared"
      },
      "devDependencies": {
        "@types/node": "^22.10.0",
        "typescript": "^5.7.2"
      }
    },
    "node_modules/@ieab/admin": {
      "resolved": "apps/admin",
      "link": true
    },
    "node_modules/@ieab/agent-runtime": {
      "resolved": "packages/agent-runtime",
      "link": true
    },
    "node_modules/@ieab/ai-gateway": {
      "resolved": "packages/ai-gateway",
      "link": true
    },
    "node_modules/@ieab/api": {
      "resolved": "apps/api",
      "link": true
    },
    "node_modules/@ieab/audit": {
      "resolved": "packages/audit",
      "link": true
    },
    "node_modules/@ieab/canonical-model": {
      "resolved": "packages/canonical-model",
      "link": true
    },
    "node_modules/@ieab/connector-chargoon": {
      "resolved": "connectors/chargoon",
      "link": true
    },
    "node_modules/@ieab/connector-csv-excel": {
      "resolved": "connectors/csv-excel",
      "link": true
    },
    "node_modules/@ieab/connector-generic-mssql": {
      "resolved": "connectors/generic-mssql",
      "link": true
    },
    "node_modules/@ieab/connector-odoo": {
      "resolved": "connectors/odoo",
      "link": true
    },
    "node_modules/@ieab/connector-payamgostar": {
      "resolved": "connectors/payamgostar",
      "link": true
    },
    "node_modules/@ieab/connector-rahkaran": {
      "resolved": "connectors/rahkaran",
      "link": true
    },
    "node_modules/@ieab/connector-sdk": {
      "resolved": "packages/connector-sdk",
      "link": true
    },
    "node_modules/@ieab/connector-sepidar": {
      "resolved": "connectors/sepidar",
      "link": true
    },
    "node_modules/@ieab/connector-shauto": {
      "resolved": "connectors/shauto",
      "link": true
    },
    "node_modules/@ieab/executive-web": {
      "resolved": "apps/executive-web",
      "link": true
    },
    "node_modules/@ieab/metrics": {
      "resolved": "packages/metrics",
      "link": true
    },
    "node_modules/@ieab/policy-engine": {
      "resolved": "packages/policy-engine",
      "link": true
    },
    "node_modules/@ieab/semantic": {
      "resolved": "packages/semantic",
      "link": true
    },
    "node_modules/@ieab/shared": {
      "resolved": "packages/shared",
      "link": true
    },
    "node_modules/@ieab/worker": {
      "resolved": "apps/worker",
      "link": true
    },
    "node_modules/@types/node": {
      "version": "22.20.4",
      "resolved": "https://registry.npmjs.org/@types/node/-/node-22.20.4.tgz",
      "integrity": "sha512-zJRE40jpHtKqE/C4fgHrAKQLJuSpzEnP9ff9Y7YtoR3Wd2pwqzlekDeEuUQXjRd+QCYnVnNwuJYmhdk9XV8gvA==",
      "dev": true,
      "license": "MIT",
      "dependencies": {
        "undici-types": "~6.21.0"
      }
    },
    "node_modules/typescript": {
      "version": "5.9.3",
      "resolved": "https://registry.npmjs.org/typescript/-/typescript-5.9.3.tgz",
      "integrity": "sha512-jl1vZzPDinLr9eUt3J/t7V6FgNEw9QjvBPdysz9KfQDD41fQrC2Y4vKQdiaUpFT4bXlb1RHhLpp8wtm6M5TgSw==",
      "dev": true,
      "license": "Apache-2.0",
      "bin": {
        "tsc": "bin/tsc",
        "tsserver": "bin/tsserver"
      },
      "engines": {
        "node": ">=14.17"
      }
    },
    "node_modules/undici-types": {
      "version": "6.21.0",
      "resolved": "https://registry.npmjs.org/undici-types/-/undici-types-6.21.0.tgz",
      "integrity": "sha512-iwDZqg0QAGrg9Rav5H4n0M64c3mkR59cJ6wQp+7C4nI0gsmExaedaYLNO44eT4AtBBwjbTiGPMlt2Md0T9H9JQ==",
      "dev": true,
      "license": "MIT"
    },
    "packages/agent-runtime": {
      "name": "@ieab/agent-runtime",
      "version": "0.1.0",
      "dependencies": {
        "@ieab/ai-gateway": "file:../ai-gateway",
        "@ieab/audit": "file:../audit",
        "@ieab/canonical-model": "file:../canonical-model",
        "@ieab/metrics": "file:../metrics",
        "@ieab/policy-engine": "file:../policy-engine",
        "@ieab/semantic": "file:../semantic",
        "@ieab/shared": "file:../shared"
      },
      "devDependencies": {
        "@types/node": "^22.10.0",
        "typescript": "^5.7.2"
      }
    },
    "packages/ai-gateway": {
      "name": "@ieab/ai-gateway",
      "version": "0.1.0",
      "dependencies": {
        "@ieab/shared": "file:../shared"
      },
      "devDependencies": {
        "@types/node": "^22.10.0",
        "typescript": "^5.7.2"
      }
    },
    "packages/audit": {
      "name": "@ieab/audit",
      "version": "0.1.0",
      "dependencies": {
        "@ieab/shared": "file:../shared"
      },
      "devDependencies": {
        "@types/node": "^22.10.0",
        "typescript": "^5.7.2"
      }
    },
    "packages/canonical-model": {
      "name": "@ieab/canonical-model",
      "version": "0.1.0",
      "dependencies": {
        "@ieab/shared": "file:../shared"
      }
    },
    "packages/connector-sdk": {
      "name": "@ieab/connector-sdk",
      "version": "0.1.0",
      "dependencies": {
        "@ieab/canonical-model": "file:../canonical-model",
        "@ieab/shared": "file:../shared"
      }
    },
    "packages/metrics": {
      "name": "@ieab/metrics",
      "version": "0.1.0",
      "dependencies": {
        "@ieab/canonical-model": "file:../canonical-model",
        "@ieab/semantic": "file:../semantic",
        "@ieab/shared": "file:../shared"
      },
      "devDependencies": {
        "@types/node": "^22.10.0",
        "typescript": "^5.7.2"
      }
    },
    "packages/policy-engine": {
      "name": "@ieab/policy-engine",
      "version": "0.1.0",
      "dependencies": {
        "@ieab/canonical-model": "file:../canonical-model",
        "@ieab/shared": "file:../shared"
      },
      "devDependencies": {
        "@types/node": "^22.10.0",
        "typescript": "^5.7.2"
      }
    },
    "packages/semantic": {
      "name": "@ieab/semantic",
      "version": "0.1.0",
      "dependencies": {
        "@ieab/canonical-model": "file:../canonical-model",
        "@ieab/shared": "file:../shared"
      },
      "devDependencies": {
        "@types/node": "^22.10.0",
        "typescript": "^5.7.2"
      }
    },
    "packages/shared": {
      "name": "@ieab/shared",
      "version": "0.1.0"
    }
  }
}
